
Microsoft Visual Studio Solution File, Format Version 12.00
# Visual Studio 15
VisualStudioVersion = 15.0.28307.136
MinimumVisualStudioVersion = 10.0.40219.1
Project("{FAE04EC0-301F-11D3-BF4B-00C04F79EFBC}") = "WinFormsHW1_1", "WinFormsHW1\WinFormsHW1_1.csproj", "{A29DB6EE-FE56-4DA6-A453-2131E7C49E1F}"
EndProject
Project("{FAE04EC0-301F-11D3-BF4B-00C04F79EFBC}") = "WinFormsHW1_2", "WinFormsHW1_2\WinFormsHW1_2.csproj", "{C935F020-78E2-4D16-9706-3055AC210F78}"
EndProject
Project("{FAE04EC0-301F-11D3-BF4B-00C04F79EFBC}") = "WinFormsHW1_3", "Program_5(indep_work)\Program_5(indep_work)\WinFormsHW1_3.csproj", "{5441B688-B794-484D-B81A-14EE0764B0E0}"
EndProject
Global
	GlobalSection(SolutionConfigurationPlatforms) = preSolution
		Debug|Any CPU = Debug|Any CPU
		Release|Any CPU = Release|Any CPU
	EndGlobalSection
	GlobalSection(ProjectConfigurationPlatforms) = postSolution
		{A29DB6EE-FE56-4DA6-A453-2131E7C49E1F}.Debug|Any CPU.ActiveCfg = Debug|Any CPU
		{A29DB6EE-FE56-4DA6-A453-2131E7C49E1F}.Debug|Any CPU.Build.0 = Debug|Any CPU
		{A29DB6EE-FE56-4DA6-A453-2131E7C49E1F}.Release|Any CPU.ActiveCfg = Release|Any CPU
		{A29DB6EE-FE56-4DA6-A453-2131E7C49E1F}.Release|Any CPU.Build.0 = Release|Any CPU
		{C935F020-78E2-4D16-9706-3055AC210F78}.Debug|Any CPU.ActiveCfg = Debug|Any CPU
		{C935F020-78E2-4D16-9706-3055AC210F78}.Debug|Any CPU.Build.0 = Debug|Any CPU
		{C935F020-78E2-4D16-9706-3055AC210F78}.Release|Any CPU.ActiveCfg = Release|Any CPU
		{C935F020-78E2-4D16-9706-3055AC210F78}.Release|Any CPU.Build.0 = Release|Any CPU
		{5441B688-B794-484D-B81A-14EE0764B0E0}.Debug|Any CPU.ActiveCfg = Debug|Any CPU
		{5441B688-B794-484D-B81A-14EE0764B0E0}.Debug|Any CPU.Build.0 = Debug|Any CPU
		{5441B688-B794-484D-B81A-14EE0764B0E0}.Release|Any CPU.ActiveCfg = Release|Any CPU
		{5441B688-B794-484D-B81A-14EE0764B0E0}.Release|Any CPU.Build.0 = Release|Any CPU
	EndGlobalSection
	GlobalSection(SolutionProperties) = preSolution
		HideSolutionNode = FALSE
	EndGlobalSection
	GlobalSection(ExtensibilityGlobals) = postSolution
		SolutionGuid = {71D6AF18-5FD9-4CDA-88F1-F2890ADA18A4}
	EndGlobalSection
EndGlobal
